
Microsoft Visual Studio Solution File, Format Version 12.00
# Visual Studio Version 17
VisualStudioVersion = 17.5.002.0
MinimumVisualStudioVersion = 10.0.40219.1
Project("{9A19103F-16F7-4668-BE54-9A1E7A4F7556}") = "Red2WebAPI", "Red2WebAPI.csproj", "{5143C3FC-C033-42B1-B5ED-1A3E49BABA3E}"
EndProject
Global
	GlobalSection(SolutionConfigurationPlatforms) = preSolution
		Debug|Any CPU = Debug|Any CPU
		Release|Any CPU = Release|Any CPU
	EndGlobalSection
	GlobalSection(ProjectConfigurationPlatforms) = postSolution
		{5143C3FC-C033-42B1-B5ED-1A3E49BABA3E}.Debug|Any CPU.ActiveCfg = Debug|Any CPU
		{5143C3FC-C033-42B1-B5ED-1A3E49BABA3E}.Debug|Any CPU.Build.0 = Debug|Any CPU
		{5143C3FC-C033-42B1-B5ED-1A3E49BABA3E}.Release|Any CPU.ActiveCfg = Release|Any CPU
		{5143C3FC-C033-42B1-B5ED-1A3E49BABA3E}.Release|Any CPU.Build.0 = Release|Any CPU
	EndGlobalSection
	GlobalSection(SolutionProperties) = preSolution
		HideSolutionNode = FALSE
	EndGlobalSection
	GlobalSection(ExtensibilityGlobals) = postSolution
		SolutionGuid = {FC7E95E6-5357-4BF3-AE51-88273CCA7D31}
	EndGlobalSection
EndGlobal
